
Microsoft Visual Studio Solution File, Format Version 12.00
# Visual Studio Version 17
VisualStudioVersion = 17.0.31903.59
MinimumVisualStudioVersion = 10.0.40219.1
Project("{2150E333-8FDC-42A3-9474-1A3956D46DE8}") = "Libs", "Libs", "{74CA17B7-CE49-4E1F-A84D-0D2ABA0C96F5}"
EndProject
Project("{9A19103F-16F7-4668-BE54-9A1E7A4F7556}") = "NVault", "backend\plugins\nvault\src\NVault.csproj", "{7ADAE9C2-1739-4E91-B59C-DB3B07909C07}"
EndProject
Project("{2150E333-8FDC-42A3-9474-1A3956D46DE8}") = "Solution Items", "Solution Items", "{B328A098-6882-4338-A563-C84D69E53F22}"
	ProjectSection(SolutionItems) = preProject
		.gitattributes = .gitattributes
		.gitignore = .gitignore
		.onedev-buildspec.yml = .onedev-buildspec.yml
		Directory.Build.props = Directory.Build.props
		GitVersion.yml = GitVersion.yml
		LICENSE = LICENSE
		Module.Taskfile.yaml = Module.Taskfile.yaml
		nuget.config = nuget.config
		README.md = README.md
	EndProjectSection
EndProject
Project("{9A19103F-16F7-4668-BE54-9A1E7A4F7556}") = "NVault.VaultExtensions", "backend\lib\NVault.VaultExtensions\src\NVault.VaultExtensions.csproj", "{91F33820-C0CE-41FA-89A5-2B45FD0CB2B1}"
EndProject
Project("{2150E333-8FDC-42A3-9474-1A3956D46DE8}") = "plugins", "plugins", "{02EA681E-C7D8-13C7-8484-4AC65E1B71E8}"
EndProject
Project("{2150E333-8FDC-42A3-9474-1A3956D46DE8}") = "tests", "tests", "{72BD5666-F403-47CF-B501-B0550CE28915}"
EndProject
Project("{2150E333-8FDC-42A3-9474-1A3956D46DE8}") = "unit", "unit", "{9253DA08-E027-43A2-B448-A927BDCE02A9}"
EndProject
Global
	GlobalSection(SolutionConfigurationPlatforms) = preSolution
		Debug|Any CPU = Debug|Any CPU
		Release|Any CPU = Release|Any CPU
	EndGlobalSection
	GlobalSection(ProjectConfigurationPlatforms) = postSolution
		{7ADAE9C2-1739-4E91-B59C-DB3B07909C07}.Debug|Any CPU.ActiveCfg = Debug|Any CPU
		{7ADAE9C2-1739-4E91-B59C-DB3B07909C07}.Debug|Any CPU.Build.0 = Debug|Any CPU
		{7ADAE9C2-1739-4E91-B59C-DB3B07909C07}.Release|Any CPU.ActiveCfg = Release|Any CPU
		{7ADAE9C2-1739-4E91-B59C-DB3B07909C07}.Release|Any CPU.Build.0 = Release|Any CPU
		{91F33820-C0CE-41FA-89A5-2B45FD0CB2B1}.Debug|Any CPU.ActiveCfg = Debug|Any CPU
		{91F33820-C0CE-41FA-89A5-2B45FD0CB2B1}.Debug|Any CPU.Build.0 = Debug|Any CPU
		{91F33820-C0CE-41FA-89A5-2B45FD0CB2B1}.Release|Any CPU.ActiveCfg = Release|Any CPU
		{91F33820-C0CE-41FA-89A5-2B45FD0CB2B1}.Release|Any CPU.Build.0 = Release|Any CPU
	EndGlobalSection
	GlobalSection(SolutionProperties) = preSolution
		HideSolutionNode = FALSE
	EndGlobalSection
	GlobalSection(NestedProjects) = preSolution
		{7ADAE9C2-1739-4E91-B59C-DB3B07909C07} = {02EA681E-C7D8-13C7-8484-4AC65E1B71E8}
		{91F33820-C0CE-41FA-89A5-2B45FD0CB2B1} = {74CA17B7-CE49-4E1F-A84D-0D2ABA0C96F5}
		{9253DA08-E027-43A2-B448-A927BDCE02A9} = {72BD5666-F403-47CF-B501-B0550CE28915}
	EndGlobalSection
	GlobalSection(ExtensibilityGlobals) = postSolution
		SolutionGuid = {ACF01A45-B7F0-4055-84F2-A3596713C9BB}
	EndGlobalSection
EndGlobal
